// !$*UTF8*$!
{
	archiveVersion = 1;
	classes = {
	};
	objectVersion = 77;
	objects = {

/* Begin PBXBuildFile section */
		1AEE2EA42F16D270009CBD65 /* libswiftDemangle.tbd in Frameworks */ = {isa = PBXBuildFile; fileRef = 1AEE2EA32F16D26B009CBD65 /* libswiftDemangle.tbd */; };
		1AEE2EA62F16D2AE009CBD65 /* libswiftCore.tbd in Frameworks */ = {isa = PBXBuildFile; fileRef = 1AEE2EA52F16D2A7009CBD65 /* libswiftCore.tbd */; };
/* End PBXBuildFile section */

/* Begin PBXFileReference section */
		1AD6DB892F16AA0D00D4C5D6 /* Compute.framework */ = {isa = PBXFileReference; explicitFileType = wrapper.framework; includeInIndex = 0; path = Compute.framework; sourceTree = BUILT_PRODUCTS_DIR; };
		1AEE2EA32F16D26B009CBD65 /* libswiftDemangle.tbd */ = {isa = PBXFileReference; lastKnownFileType = "sourcecode.text-based-dylib-definition"; name = libswiftDemangle.tbd; path = Platforms/iPhoneOS.platform/Developer/SDKs/iPhoneOS26.2.sdk/usr/lib/swift/libswiftDemangle.tbd; sourceTree = DEVELOPER_DIR; };
		1AEE2EA52F16D2A7009CBD65 /* libswiftCore.tbd */ = {isa = PBXFileReference; lastKnownFileType = "sourcecode.text-based-dylib-definition"; name = libswiftCore.tbd; path = Platforms/iPhoneOS.platform/Developer/SDKs/iPhoneOS26.2.sdk/usr/lib/swift/libswiftCore.tbd; sourceTree = DEVELOPER_DIR; };
/* End PBXFileReference section */

/* Begin PBXFileSystemSynchronizedRootGroup section */
		1AB344D32FD1EDDE009243EA /* Configs */ = {
			isa = PBXFileSystemSynchronizedRootGroup;
			path = Configs;
			sourceTree = "<group>";
		};
		1AEE2D3B2F16D0BF009CBD65 /* Platform */ = {
			isa = PBXFileSystemSynchronizedRootGroup;
			name = Platform;
			path = ../Sources/Platform;
			sourceTree = "<group>";
		};
		1AEE2DA62F16D158009CBD65 /* Utilities */ = {
			isa = PBXFileSystemSynchronizedRootGroup;
			name = Utilities;
			path = ../Sources/Utilities;
			sourceTree = "<group>";
		};
		1AEE2E362F16D1DB009CBD65 /* ComputeCxx */ = {
			isa = PBXFileSystemSynchronizedRootGroup;
			name = ComputeCxx;
			path = ../Sources/ComputeCxx;
			sourceTree = "<group>";
		};
		1AEE2EA82F16D2CC009CBD65 /* ComputeCxxSwiftSupport */ = {
			isa = PBXFileSystemSynchronizedRootGroup;
			name = ComputeCxxSwiftSupport;
			path = ../Sources/ComputeCxxSwiftSupport;
			sourceTree = "<group>";
		};
		1AEE2ED32F16D309009CBD65 /* Compute */ = {
			isa = PBXFileSystemSynchronizedRootGroup;
			name = Compute;
			path = ../Sources/Compute;
			sourceTree = "<group>";
		};
/* End PBXFileSystemSynchronizedRootGroup section */

/* Begin PBXFrameworksBuildPhase section */
		1AD6DB862F16AA0D00D4C5D6 /* Frameworks */ = {
			isa = PBXFrameworksBuildPhase;
			buildActionMask = 2147483647;
			files = (
				1AEE2EA42F16D270009CBD65 /* libswiftDemangle.tbd in Frameworks */,
				1AEE2EA62F16D2AE009CBD65 /* libswiftCore.tbd in Frameworks */,
			);
			runOnlyForDeploymentPostprocessing = 0;
		};
/* End PBXFrameworksBuildPhase section */

/* Begin PBXGroup section */
		1AD6DB7D2F16A95B00D4C5D6 = {
			isa = PBXGroup;
			children = (
				1AB344D32FD1EDDE009243EA /* Configs */,
				1AEE2D3B2F16D0BF009CBD65 /* Platform */,
				1AEE2DA62F16D158009CBD65 /* Utilities */,
				1AEE2E362F16D1DB009CBD65 /* ComputeCxx */,
				1AEE2EA82F16D2CC009CBD65 /* ComputeCxxSwiftSupport */,
				1AEE2ED32F16D309009CBD65 /* Compute */,
				1AEE2EA22F16D26B009CBD65 /* Frameworks */,
				1AD6DB8A2F16AA0D00D4C5D6 /* Products */,
			);
			sourceTree = "<group>";
		};
		1AD6DB8A2F16AA0D00D4C5D6 /* Products */ = {
			isa = PBXGroup;
			children = (
				1AD6DB892F16AA0D00D4C5D6 /* Compute.framework */,
			);
			name = Products;
			sourceTree = "<group>";
		};
		1AEE2EA22F16D26B009CBD65 /* Frameworks */ = {
			isa = PBXGroup;
			children = (
				1AEE2EA52F16D2A7009CBD65 /* libswiftCore.tbd */,
				1AEE2EA32F16D26B009CBD65 /* libswiftDemangle.tbd */,
			);
			name = Frameworks;
			sourceTree = "<group>";
		};
/* End PBXGroup section */

/* Begin PBXHeadersBuildPhase section */
		1AD6DB842F16AA0D00D4C5D6 /* Headers */ = {
			isa = PBXHeadersBuildPhase;
			buildActionMask = 2147483647;
			files = (
			);
			runOnlyForDeploymentPostprocessing = 0;
		};
/* End PBXHeadersBuildPhase section */

/* Begin PBXNativeTarget section */
		1AD6DB882F16AA0D00D4C5D6 /* Compute */ = {
			isa = PBXNativeTarget;
			buildConfigurationList = 1AD6DB902F16AA0D00D4C5D6 /* Build configuration list for PBXNativeTarget "Compute" */;
			buildPhases = (
				1AD6DB842F16AA0D00D4C5D6 /* Headers */,
				1A628D742F1D506100C17ED9 /* Process Headers */,
				1AD6DB852F16AA0D00D4C5D6 /* Sources */,
				1AD6DB862F16AA0D00D4C5D6 /* Frameworks */,
				1AD6DB872F16AA0D00D4C5D6 /* Resources */,
			);
			buildRules = (
			);
			dependencies = (
			);
			fileSystemSynchronizedGroups = (
				1AEE2D3B2F16D0BF009CBD65 /* Platform */,
				1AEE2DA62F16D158009CBD65 /* Utilities */,
				1AEE2E362F16D1DB009CBD65 /* ComputeCxx */,
				1AEE2EA82F16D2CC009CBD65 /* ComputeCxxSwiftSupport */,
				1AEE2ED32F16D309009CBD65 /* Compute */,
			);
			name = Compute;
			packageProductDependencies = (
			);
			productName = Compute;
			productReference = 1AD6DB892F16AA0D00D4C5D6 /* Compute.framework */;
			productType = "com.apple.product-type.framework";
		};
/* End PBXNativeTarget section */

/* Begin PBXProject section */
		1AD6DB7E2F16A95B00D4C5D6 /* Project object */ = {
			isa = PBXProject;
			attributes = {
				BuildIndependentTargetsInParallel = 1;
				LastSwiftUpdateCheck = 2620;
				LastUpgradeCheck = 2620;
				TargetAttributes = {
					1AD6DB882F16AA0D00D4C5D6 = {
						CreatedOnToolsVersion = 26.2;
					};
				};
			};
			buildConfigurationList = 1AD6DB812F16A95B00D4C5D6 /* Build configuration list for PBXProject "Compute" */;
			developmentRegion = en;
			hasScannedForEncodings = 0;
			knownRegions = (
				en,
				Base,
			);
			mainGroup = 1AD6DB7D2F16A95B00D4C5D6;
			minimizedProjectReferenceProxies = 1;
			preferredProjectObjectVersion = 77;
			productRefGroup = 1AD6DB8A2F16AA0D00D4C5D6 /* Products */;
			projectDirPath = "";
			projectRoot = "";
			targets = (
				1AD6DB882F16AA0D00D4C5D6 /* Compute */,
			);
		};
/* End PBXProject section */

/* Begin PBXResourcesBuildPhase section */
		1AD6DB872F16AA0D00D4C5D6 /* Resources */ = {
			isa = PBXResourcesBuildPhase;
			buildActionMask = 2147483647;
			files = (
			);
			runOnlyForDeploymentPostprocessing = 0;
		};
/* End PBXResourcesBuildPhase section */

/* Begin PBXShellScriptBuildPhase section */
		1A628D742F1D506100C17ED9 /* Process Headers */ = {
			isa = PBXShellScriptBuildPhase;
			buildActionMask = 2147483647;
			files = (
			);
			inputFileListPaths = (
				"$(SRCROOT)/Scripts/process_headers_inputs.xcfilelist",
			);
			inputPaths = (
				"$(SRCROOT)/Scripts/process_headers.sh",
			);
			name = "Process Headers";
			outputFileListPaths = (
				"$(SRCROOT)/Scripts/process_headers_outputs.xcfilelist",
			);
			outputPaths = (
			);
			runOnlyForDeploymentPostprocessing = 0;
			shellPath = /bin/sh;
			shellScript = "# Type a script or drag a script file from your workspace to insert its path.\nScripts/process_headers.sh\n";
		};
/* End PBXShellScriptBuildPhase section */

/* Begin PBXSourcesBuildPhase section */
		1AD6DB852F16AA0D00D4C5D6 /* Sources */ = {
			isa = PBXSourcesBuildPhase;
			buildActionMask = 2147483647;
			files = (
			);
			runOnlyForDeploymentPostprocessing = 0;
		};
/* End PBXSourcesBuildPhase section */

/* Begin XCBuildConfiguration section */
		1AD6DB822F16A95B00D4C5D6 /* Debug */ = {
			isa = XCBuildConfiguration;
			baseConfigurationReferenceAnchor = 1AB344D32FD1EDDE009243EA /* Configs */;
			baseConfigurationReferenceRelativePath = Shared.xcconfig;
			buildSettings = {
			};
			name = Debug;
		};
		1AD6DB832F16A95B00D4C5D6 /* Release */ = {
			isa = XCBuildConfiguration;
			baseConfigurationReferenceAnchor = 1AB344D32FD1EDDE009243EA /* Configs */;
			baseConfigurationReferenceRelativePath = Shared.xcconfig;
			buildSettings = {
			};
			name = Release;
		};
		1AD6DB8E2F16AA0D00D4C5D6 /* Debug */ = {
			isa = XCBuildConfiguration;
			baseConfigurationReferenceAnchor = 1AB344D32FD1EDDE009243EA /* Configs */;
			baseConfigurationReferenceRelativePath = Compute.xcconfig;
			buildSettings = {
			};
			name = Debug;
		};
		1AD6DB8F2F16AA0D00D4C5D6 /* Release */ = {
			isa = XCBuildConfiguration;
			baseConfigurationReferenceAnchor = 1AB344D32FD1EDDE009243EA /* Configs */;
			baseConfigurationReferenceRelativePath = Compute.xcconfig;
			buildSettings = {
			};
			name = Release;
		};
/* End XCBuildConfiguration section */

/* Begin XCConfigurationList section */
		1AD6DB812F16A95B00D4C5D6 /* Build configuration list for PBXProject "Compute" */ = {
			isa = XCConfigurationList;
			buildConfigurations = (
				1AD6DB822F16A95B00D4C5D6 /* Debug */,
				1AD6DB832F16A95B00D4C5D6 /* Release */,
			);
			defaultConfigurationIsVisible = 0;
			defaultConfigurationName = Release;
		};
		1AD6DB902F16AA0D00D4C5D6 /* Build configuration list for PBXNativeTarget "Compute" */ = {
			isa = XCConfigurationList;
			buildConfigurations = (
				1AD6DB8E2F16AA0D00D4C5D6 /* Debug */,
				1AD6DB8F2F16AA0D00D4C5D6 /* Release */,
			);
			defaultConfigurationIsVisible = 0;
			defaultConfigurationName = Release;
		};
/* End XCConfigurationList section */
	};
	rootObject = 1AD6DB7E2F16A95B00D4C5D6 /* Project object */;
}
